
Microsoft Visual Studio Solution File, Format Version 12.00
# Visual Studio Version 17
VisualStudioVersion = 17.6.33815.320
MinimumVisualStudioVersion = 10.0.40219.1
Project("{FAE04EC0-301F-11D3-BF4B-00C04F79EFBC}") = "AdminPanel", "AdminPanel\AdminPanel.csproj", "{54D1E974-C5CB-433D-9311-BEB9D955CE43}"
EndProject
Global
	GlobalSection(SolutionConfigurationPlatforms) = preSolution
		Debug|Any CPU = Debug|Any CPU
		Release|Any CPU = Release|Any CPU
	EndGlobalSection
	GlobalSection(ProjectConfigurationPlatforms) = postSolution
		{54D1E974-C5CB-433D-9311-BEB9D955CE43}.Debug|Any CPU.ActiveCfg = Debug|Any CPU
		{54D1E974-C5CB-433D-9311-BEB9D955CE43}.Debug|Any CPU.Build.0 = Debug|Any CPU
		{54D1E974-C5CB-433D-9311-BEB9D955CE43}.Release|Any CPU.ActiveCfg = Release|Any CPU
		{54D1E974-C5CB-433D-9311-BEB9D955CE43}.Release|Any CPU.Build.0 = Release|Any CPU
	EndGlobalSection
	GlobalSection(SolutionProperties) = preSolution
		HideSolutionNode = FALSE
	EndGlobalSection
	GlobalSection(ExtensibilityGlobals) = postSolution
		SolutionGuid = {BC0D9758-DC22-4E73-BD2F-4A0F06F2D131}
	EndGlobalSection
EndGlobal
